github.com/bep/hugo-starter-tailwind-basic/v2 v2.1.0 h1:Gc/99KUrAQkZlnoFcCaxWmYHmqzWgTSnYB+Pv4vNe4M=
github.com/bep/hugo-starter-tailwind-basic/v2 v2.1.0/go.mod h1:uskmdVlDfz8aTjohnPUlsAfs5qFFTyfivqwsWXaQvgA=
github.com/team-durumi/tailwind-aa-theme v0.0.0-20211116084942-d233ceaadc38 h1:IXQ9rdka5ImYfvflP3zUVGGXjmiUCSerGvy87rbsrQA=
github.com/team-durumi/tailwind-aa-theme v0.0.0-20211116084942-d233ceaadc38/go.mod h1:vdKTWy/bSPbxjMX5JeEQg9oJPwrxQDu5I+f2iWfiaR0=
